
Microsoft Visual Studio Solution File, Format Version 12.00
Project("{FAE04EC0-301F-11D3-BF4B-00C04F79EFBC}") = "Web", "Web\Web.csproj", "{05FCB2FE-DABD-4FF5-BC13-133CDBBACB90}"
EndProject
Project("{FAE04EC0-301F-11D3-BF4B-00C04F79EFBC}") = "Infrastructure", "Infrastructure\Infrastructure.csproj", "{686252D6-1139-4240-A8EA-66F3A4AA3F33}"
EndProject
Project("{FAE04EC0-301F-11D3-BF4B-00C04F79EFBC}") = "Core", "Core\Core.csproj", "{312AEEE3-9368-43A0-B092-8D9C0C6D5469}"
EndProject
Global
	GlobalSection(SolutionConfigurationPlatforms) = preSolution
		Debug|Any CPU = Debug|Any CPU
		Release|Any CPU = Release|Any CPU
	EndGlobalSection
	GlobalSection(ProjectConfigurationPlatforms) = postSolution
		{05FCB2FE-DABD-4FF5-BC13-133CDBBACB90}.Debug|Any CPU.ActiveCfg = Debug|Any CPU
		{05FCB2FE-DABD-4FF5-BC13-133CDBBACB90}.Debug|Any CPU.Build.0 = Debug|Any CPU
		{05FCB2FE-DABD-4FF5-BC13-133CDBBACB90}.Release|Any CPU.ActiveCfg = Release|Any CPU
		{05FCB2FE-DABD-4FF5-BC13-133CDBBACB90}.Release|Any CPU.Build.0 = Release|Any CPU
		{686252D6-1139-4240-A8EA-66F3A4AA3F33}.Debug|Any CPU.ActiveCfg = Debug|Any CPU
		{686252D6-1139-4240-A8EA-66F3A4AA3F33}.Debug|Any CPU.Build.0 = Debug|Any CPU
		{686252D6-1139-4240-A8EA-66F3A4AA3F33}.Release|Any CPU.ActiveCfg = Release|Any CPU
		{686252D6-1139-4240-A8EA-66F3A4AA3F33}.Release|Any CPU.Build.0 = Release|Any CPU
		{312AEEE3-9368-43A0-B092-8D9C0C6D5469}.Debug|Any CPU.ActiveCfg = Debug|Any CPU
		{312AEEE3-9368-43A0-B092-8D9C0C6D5469}.Debug|Any CPU.Build.0 = Debug|Any CPU
		{312AEEE3-9368-43A0-B092-8D9C0C6D5469}.Release|Any CPU.ActiveCfg = Release|Any CPU
		{312AEEE3-9368-43A0-B092-8D9C0C6D5469}.Release|Any CPU.Build.0 = Release|Any CPU
	EndGlobalSection
EndGlobal
